
Microsoft Visual Studio Solution File, Format Version 12.00
# Visual Studio Version 17
VisualStudioVersion = 17.5.2.0
MinimumVisualStudioVersion = 10.0.40219.1
Project("{2150E333-8FDC-42A3-9474-1A3956D46DE8}") = "solution folder", "solution folder", "{5F569990-87CE-4EA3-82A0-82828821CFEB}"
	ProjectSection(SolutionItems) = preProject
		.csharpierignore = .csharpierignore
		.dockerignore = .dockerignore
		.editorconfig = .editorconfig
		.gitattributes = .gitattributes
		.gitignore = .gitignore
		AGENTS.md = AGENTS.md
		dotnet-tools.json = dotnet-tools.json
		nerdbank-versioning.sh = nerdbank-versioning.sh
		README.md = README.md
		release-version.sh = release-version.sh
		version.json = version.json
	EndProjectSection
EndProject
Project("{2150E333-8FDC-42A3-9474-1A3956D46DE8}") = ".github", ".github", "{25555D1F-5885-491F-849E-959A22033478}"
EndProject
Project("{2150E333-8FDC-42A3-9474-1A3956D46DE8}") = "workflows", "workflows", "{22BB2D1A-D582-493E-8AB2-7B105817C5DA}"
	ProjectSection(SolutionItems) = preProject
		.github\workflows\build-and-publish.yml = .github\workflows\build-and-publish.yml
	EndProjectSection
EndProject
Project("{2150E333-8FDC-42A3-9474-1A3956D46DE8}") = ".agents", ".agents", "{B0493CF1-4D6E-56FF-9B5B-DBAE784DE638}"
EndProject
Project("{2150E333-8FDC-42A3-9474-1A3956D46DE8}") = "skills", "skills", "{4C2BE486-2C31-53E5-82ED-F4A758DB133C}"
EndProject
Project("{2150E333-8FDC-42A3-9474-1A3956D46DE8}") = "analyzing-dotnet-performance", "analyzing-dotnet-performance", "{FDD1708A-D362-5C68-9A9B-C7EE20382BC1}"
	ProjectSection(SolutionItems) = preProject
		.agents\skills\analyzing-dotnet-performance\SKILL.md = .agents\skills\analyzing-dotnet-performance\SKILL.md
	EndProjectSection
EndProject
Project("{2150E333-8FDC-42A3-9474-1A3956D46DE8}") = "references", "references", "{1ED959D6-B02B-5DA7-BF36-A635AD4076E3}"
	ProjectSection(SolutionItems) = preProject
		.agents\skills\analyzing-dotnet-performance\references\async-patterns.md = .agents\skills\analyzing-dotnet-performance\references\async-patterns.md
		.agents\skills\analyzing-dotnet-performance\references\collections-and-linq.md = .agents\skills\analyzing-dotnet-performance\references\collections-and-linq.md
		.agents\skills\analyzing-dotnet-performance\references\critical-patterns.md = .agents\skills\analyzing-dotnet-performance\references\critical-patterns.md
		.agents\skills\analyzing-dotnet-performance\references\io-and-serialization.md = .agents\skills\analyzing-dotnet-performance\references\io-and-serialization.md
		.agents\skills\analyzing-dotnet-performance\references\memory-and-strings.md = .agents\skills\analyzing-dotnet-performance\references\memory-and-strings.md
		.agents\skills\analyzing-dotnet-performance\references\regex-patterns.md = .agents\skills\analyzing-dotnet-performance\references\regex-patterns.md
		.agents\skills\analyzing-dotnet-performance\references\structural-patterns.md = .agents\skills\analyzing-dotnet-performance\references\structural-patterns.md
	EndProjectSection
EndProject
Project("{2150E333-8FDC-42A3-9474-1A3956D46DE8}") = "build-perf-diagnostics", "build-perf-diagnostics", "{F9583D6E-3E90-553C-B728-F4923C9E2E05}"
	ProjectSection(SolutionItems) = preProject
		.agents\skills\build-perf-diagnostics\SKILL.md = .agents\skills\build-perf-diagnostics\SKILL.md
	EndProjectSection
EndProject
Project("{2150E333-8FDC-42A3-9474-1A3956D46DE8}") = "code-testing-agent", "code-testing-agent", "{46B5F78E-B688-5B98-9A78-39AB5C795938}"
	ProjectSection(SolutionItems) = preProject
		.agents\skills\code-testing-agent\SKILL.md = .agents\skills\code-testing-agent\SKILL.md
		.agents\skills\code-testing-agent\unit-test-generation.prompt.md = .agents\skills\code-testing-agent\unit-test-generation.prompt.md
	EndProjectSection
EndProject
Project("{2150E333-8FDC-42A3-9474-1A3956D46DE8}") = "create-skill", "create-skill", "{203CD7BA-4291-54ED-9231-11A4B34706AA}"
	ProjectSection(SolutionItems) = preProject
		.agents\skills\create-skill\SKILL.md = .agents\skills\create-skill\SKILL.md
	EndProjectSection
EndProject
Project("{2150E333-8FDC-42A3-9474-1A3956D46DE8}") = "create-skill-test", "create-skill-test", "{FB0584C1-FB0A-5841-8587-A407F81FE1F5}"
	ProjectSection(SolutionItems) = preProject
		.agents\skills\create-skill-test\SKILL.md = .agents\skills\create-skill-test\SKILL.md
	EndProjectSection
EndProject
Project("{2150E333-8FDC-42A3-9474-1A3956D46DE8}") = "detect-static-dependencies", "detect-static-dependencies", "{A5AC074A-773E-596B-ADAA-07820407A2F3}"
	ProjectSection(SolutionItems) = preProject
		.agents\skills\detect-static-dependencies\SKILL.md = .agents\skills\detect-static-dependencies\SKILL.md
	EndProjectSection
EndProject
Project("{2150E333-8FDC-42A3-9474-1A3956D46DE8}") = "directory-build-organization", "directory-build-organization", "{8762362B-0A53-5F63-AB07-9838E8FF8997}"
	ProjectSection(SolutionItems) = preProject
		.agents\skills\directory-build-organization\SKILL.md = .agents\skills\directory-build-organization\SKILL.md
	EndProjectSection
EndProject
Project("{2150E333-8FDC-42A3-9474-1A3956D46DE8}") = "references", "references", "{A0529B33-1C4E-52A6-831E-C7EF64A71998}"
	ProjectSection(SolutionItems) = preProject
		.agents\skills\directory-build-organization\references\common-patterns.md = .agents\skills\directory-build-organization\references\common-patterns.md
		.agents\skills\directory-build-organization\references\multi-level-examples.md = .agents\skills\directory-build-organization\references\multi-level-examples.md
		.agents\skills\directory-build-organization\references\targetframework-props-pitfall.md = .agents\skills\directory-build-organization\references\targetframework-props-pitfall.md
	EndProjectSection
EndProject
Project("{2150E333-8FDC-42A3-9474-1A3956D46DE8}") = "mcp-csharp-create", "mcp-csharp-create", "{FBE015CE-DBD7-54D3-9B22-F8CCC94F9C8B}"
	ProjectSection(SolutionItems) = preProject
		.agents\skills\mcp-csharp-create\SKILL.md = .agents\skills\mcp-csharp-create\SKILL.md
	EndProjectSection
EndProject
Project("{2150E333-8FDC-42A3-9474-1A3956D46DE8}") = "references", "references", "{5752BE2F-6558-567D-898C-4FBE7C4EA41C}"
	ProjectSection(SolutionItems) = preProject
		.agents\skills\mcp-csharp-create\references\api-patterns.md = .agents\skills\mcp-csharp-create\references\api-patterns.md
		.agents\skills\mcp-csharp-create\references\transport-config.md = .agents\skills\mcp-csharp-create\references\transport-config.md
	EndProjectSection
EndProject
Project("{2150E333-8FDC-42A3-9474-1A3956D46DE8}") = "mcp-csharp-debug", "mcp-csharp-debug", "{CF92AA22-2B9C-57F4-82E1-7BE9C333A89A}"
	ProjectSection(SolutionItems) = preProject
		.agents\skills\mcp-csharp-debug\SKILL.md = .agents\skills\mcp-csharp-debug\SKILL.md
	EndProjectSection
EndProject
Project("{2150E333-8FDC-42A3-9474-1A3956D46DE8}") = "references", "references", "{C492A2ED-AC02-5C12-A831-90F2280B42C1}"
	ProjectSection(SolutionItems) = preProject
		.agents\skills\mcp-csharp-debug\references\ide-config.md = .agents\skills\mcp-csharp-debug\references\ide-config.md
		.agents\skills\mcp-csharp-debug\references\mcp-inspector.md = .agents\skills\mcp-csharp-debug\references\mcp-inspector.md
	EndProjectSection
EndProject
Project("{2150E333-8FDC-42A3-9474-1A3956D46DE8}") = "mcp-csharp-publish", "mcp-csharp-publish", "{67F91204-ADD5-5099-989F-5FA3EA3FD214}"
	ProjectSection(SolutionItems) = preProject
		.agents\skills\mcp-csharp-publish\SKILL.md = .agents\skills\mcp-csharp-publish\SKILL.md
	EndProjectSection
EndProject
Project("{2150E333-8FDC-42A3-9474-1A3956D46DE8}") = "references", "references", "{9BAAB3D1-9A6A-5C45-B5A7-E76F8E7C0C8B}"
	ProjectSection(SolutionItems) = preProject
		.agents\skills\mcp-csharp-publish\references\docker-azure.md = .agents\skills\mcp-csharp-publish\references\docker-azure.md
		.agents\skills\mcp-csharp-publish\references\mcp-registry.md = .agents\skills\mcp-csharp-publish\references\mcp-registry.md
		.agents\skills\mcp-csharp-publish\references\nuget-packaging.md = .agents\skills\mcp-csharp-publish\references\nuget-packaging.md
	EndProjectSection
EndProject
Project("{2150E333-8FDC-42A3-9474-1A3956D46DE8}") = "mcp-csharp-test", "mcp-csharp-test", "{351B5EE1-98F3-5547-8D7F-6CCDC21E5A79}"
	ProjectSection(SolutionItems) = preProject
		.agents\skills\mcp-csharp-test\SKILL.md = .agents\skills\mcp-csharp-test\SKILL.md
	EndProjectSection
EndProject
Project("{2150E333-8FDC-42A3-9474-1A3956D46DE8}") = "references", "references", "{694916C7-F8CF-5418-8875-E115807A4202}"
	ProjectSection(SolutionItems) = preProject
		.agents\skills\mcp-csharp-test\references\evaluations.md = .agents\skills\mcp-csharp-test\references\evaluations.md
		.agents\skills\mcp-csharp-test\references\test-patterns.md = .agents\skills\mcp-csharp-test\references\test-patterns.md
	EndProjectSection
EndProject
Project("{2150E333-8FDC-42A3-9474-1A3956D46DE8}") = "migrate-dotnet10-to-dotnet11", "migrate-dotnet10-to-dotnet11", "{3237BD0C-DF55-5095-AE2E-28B9CD5D9B00}"
	ProjectSection(SolutionItems) = preProject
		.agents\skills\migrate-dotnet10-to-dotnet11\SKILL.md = .agents\skills\migrate-dotnet10-to-dotnet11\SKILL.md
	EndProjectSection
EndProject
Project("{2150E333-8FDC-42A3-9474-1A3956D46DE8}") = "references", "references", "{23031920-F8C5-506C-B660-2F0471AA5F08}"
	ProjectSection(SolutionItems) = preProject
		.agents\skills\migrate-dotnet10-to-dotnet11\references\aspnetcore-dotnet10to11.md = .agents\skills\migrate-dotnet10-to-dotnet11\references\aspnetcore-dotnet10to11.md
		.agents\skills\migrate-dotnet10-to-dotnet11\references\core-libraries-dotnet10to11.md = .agents\skills\migrate-dotnet10-to-dotnet11\references\core-libraries-dotnet10to11.md
		.agents\skills\migrate-dotnet10-to-dotnet11\references\cryptography-dotnet10to11.md = .agents\skills\migrate-dotnet10-to-dotnet11\references\cryptography-dotnet10to11.md
		.agents\skills\migrate-dotnet10-to-dotnet11\references\csharp-compiler-dotnet10to11.md = .agents\skills\migrate-dotnet10-to-dotnet11\references\csharp-compiler-dotnet10to11.md
		.agents\skills\migrate-dotnet10-to-dotnet11\references\efcore-dotnet10to11.md = .agents\skills\migrate-dotnet10-to-dotnet11\references\efcore-dotnet10to11.md
		.agents\skills\migrate-dotnet10-to-dotnet11\references\runtime-jit-dotnet10to11.md = .agents\skills\migrate-dotnet10-to-dotnet11\references\runtime-jit-dotnet10to11.md
		.agents\skills\migrate-dotnet10-to-dotnet11\references\sdk-msbuild-dotnet10to11.md = .agents\skills\migrate-dotnet10-to-dotnet11\references\sdk-msbuild-dotnet10to11.md
	EndProjectSection
EndProject
Project("{2150E333-8FDC-42A3-9474-1A3956D46DE8}") = "migrate-dotnet8-to-dotnet9", "migrate-dotnet8-to-dotnet9", "{5F919451-2A0C-545D-AAB3-4A4A2838EC48}"
	ProjectSection(SolutionItems) = preProject
		.agents\skills\migrate-dotnet8-to-dotnet9\SKILL.md = .agents\skills\migrate-dotnet8-to-dotnet9\SKILL.md
	EndProjectSection
EndProject
Project("{2150E333-8FDC-42A3-9474-1A3956D46DE8}") = "references", "references", "{8628AA2B-AA15-549F-95AD-A68B9EF388FE}"
	ProjectSection(SolutionItems) = preProject
		.agents\skills\migrate-dotnet8-to-dotnet9\references\aspnet-core-dotnet8to9.md = .agents\skills\migrate-dotnet8-to-dotnet9\references\aspnet-core-dotnet8to9.md
		.agents\skills\migrate-dotnet8-to-dotnet9\references\containers-interop-dotnet8to9.md = .agents\skills\migrate-dotnet8-to-dotnet9\references\containers-interop-dotnet8to9.md
		.agents\skills\migrate-dotnet8-to-dotnet9\references\core-libraries-dotnet8to9.md = .agents\skills\migrate-dotnet8-to-dotnet9\references\core-libraries-dotnet8to9.md
		.agents\skills\migrate-dotnet8-to-dotnet9\references\cryptography-dotnet8to9.md = .agents\skills\migrate-dotnet8-to-dotnet9\references\cryptography-dotnet8to9.md
		.agents\skills\migrate-dotnet8-to-dotnet9\references\csharp-compiler-dotnet8to9.md = .agents\skills\migrate-dotnet8-to-dotnet9\references\csharp-compiler-dotnet8to9.md
		.agents\skills\migrate-dotnet8-to-dotnet9\references\deployment-runtime-dotnet8to9.md = .agents\skills\migrate-dotnet8-to-dotnet9\references\deployment-runtime-dotnet8to9.md
		.agents\skills\migrate-dotnet8-to-dotnet9\references\efcore-dotnet8to9.md = .agents\skills\migrate-dotnet8-to-dotnet9\references\efcore-dotnet8to9.md
		.agents\skills\migrate-dotnet8-to-dotnet9\references\sdk-msbuild-dotnet8to9.md = .agents\skills\migrate-dotnet8-to-dotnet9\references\sdk-msbuild-dotnet8to9.md
		.agents\skills\migrate-dotnet8-to-dotnet9\references\serialization-networking-dotnet8to9.md = .agents\skills\migrate-dotnet8-to-dotnet9\references\serialization-networking-dotnet8to9.md
		.agents\skills\migrate-dotnet8-to-dotnet9\references\winforms-wpf-dotnet8to9.md = .agents\skills\migrate-dotnet8-to-dotnet9\references\winforms-wpf-dotnet8to9.md
	EndProjectSection
EndProject
Project("{2150E333-8FDC-42A3-9474-1A3956D46DE8}") = "migrate-dotnet9-to-dotnet10", "migrate-dotnet9-to-dotnet10", "{CC52302C-4082-5C79-8194-905E98629CD5}"
	ProjectSection(SolutionItems) = preProject
		.agents\skills\migrate-dotnet9-to-dotnet10\SKILL.md = .agents\skills\migrate-dotnet9-to-dotnet10\SKILL.md
	EndProjectSection
EndProject
Project("{2150E333-8FDC-42A3-9474-1A3956D46DE8}") = "references", "references", "{72FE7A89-C73F-5715-B0B3-EE0B64F53E56}"
	ProjectSection(SolutionItems) = preProject
		.agents\skills\migrate-dotnet9-to-dotnet10\references\aspnet-core-dotnet9to10.md = .agents\skills\migrate-dotnet9-to-dotnet10\references\aspnet-core-dotnet9to10.md
		.agents\skills\migrate-dotnet9-to-dotnet10\references\containers-interop-dotnet9to10.md = .agents\skills\migrate-dotnet9-to-dotnet10\references\containers-interop-dotnet9to10.md
		.agents\skills\migrate-dotnet9-to-dotnet10\references\core-libraries-dotnet9to10.md = .agents\skills\migrate-dotnet9-to-dotnet10\references\core-libraries-dotnet9to10.md
		.agents\skills\migrate-dotnet9-to-dotnet10\references\cryptography-dotnet9to10.md = .agents\skills\migrate-dotnet9-to-dotnet10\references\cryptography-dotnet9to10.md
		.agents\skills\migrate-dotnet9-to-dotnet10\references\csharp-compiler-dotnet9to10.md = .agents\skills\migrate-dotnet9-to-dotnet10\references\csharp-compiler-dotnet9to10.md
		.agents\skills\migrate-dotnet9-to-dotnet10\references\efcore-dotnet9to10.md = .agents\skills\migrate-dotnet9-to-dotnet10\references\efcore-dotnet9to10.md
		.agents\skills\migrate-dotnet9-to-dotnet10\references\extensions-hosting-dotnet9to10.md = .agents\skills\migrate-dotnet9-to-dotnet10\references\extensions-hosting-dotnet9to10.md
		.agents\skills\migrate-dotnet9-to-dotnet10\references\sdk-msbuild-dotnet9to10.md = .agents\skills\migrate-dotnet9-to-dotnet10\references\sdk-msbuild-dotnet9to10.md
		.agents\skills\migrate-dotnet9-to-dotnet10\references\serialization-networking-dotnet9to10.md = .agents\skills\migrate-dotnet9-to-dotnet10\references\serialization-networking-dotnet9to10.md
		.agents\skills\migrate-dotnet9-to-dotnet10\references\winforms-wpf-dotnet9to10.md = .agents\skills\migrate-dotnet9-to-dotnet10\references\winforms-wpf-dotnet9to10.md
	EndProjectSection
EndProject
Project("{2150E333-8FDC-42A3-9474-1A3956D46DE8}") = "migrate-mstest-v1v2-to-v3", "migrate-mstest-v1v2-to-v3", "{F1CC829C-9E8A-5238-851C-4DCF52D6EE25}"
	ProjectSection(SolutionItems) = preProject
		.agents\skills\migrate-mstest-v1v2-to-v3\SKILL.md = .agents\skills\migrate-mstest-v1v2-to-v3\SKILL.md
	EndProjectSection
EndProject
Project("{2150E333-8FDC-42A3-9474-1A3956D46DE8}") = "migrate-mstest-v3-to-v4", "migrate-mstest-v3-to-v4", "{4EEDC406-8EA8-59EF-A3A5-9E9C4A058252}"
	ProjectSection(SolutionItems) = preProject
		.agents\skills\migrate-mstest-v3-to-v4\SKILL.md = .agents\skills\migrate-mstest-v3-to-v4\SKILL.md
	EndProjectSection
EndProject
Project("{2150E333-8FDC-42A3-9474-1A3956D46DE8}") = "migrate-nullable-references", "migrate-nullable-references", "{C7B928CC-9CC5-5106-A908-30B02BCAF615}"
	ProjectSection(SolutionItems) = preProject
		.agents\skills\migrate-nullable-references\SKILL.md = .agents\skills\migrate-nullable-references\SKILL.md
	EndProjectSection
EndProject
Project("{2150E333-8FDC-42A3-9474-1A3956D46DE8}") = "references", "references", "{57CFC57E-CCC5-539C-9866-F5AB5F68111C}"
	ProjectSection(SolutionItems) = preProject
		.agents\skills\migrate-nullable-references\references\aspnet-core.md = .agents\skills\migrate-nullable-references\references\aspnet-core.md
		.agents\skills\migrate-nullable-references\references\breaking-changes.md = .agents\skills\migrate-nullable-references\references\breaking-changes.md
		.agents\skills\migrate-nullable-references\references\ef-core.md = .agents\skills\migrate-nullable-references\references\ef-core.md
		.agents\skills\migrate-nullable-references\references\nullable-attributes.md = .agents\skills\migrate-nullable-references\references\nullable-attributes.md
	EndProjectSection
EndProject
Project("{2150E333-8FDC-42A3-9474-1A3956D46DE8}") = "scripts", "scripts", "{05C160D5-AB50-51E2-A964-DCFB254347A6}"
	ProjectSection(SolutionItems) = preProject
		.agents\skills\migrate-nullable-references\scripts\Get-NullableReadiness.ps1 = .agents\skills\migrate-nullable-references\scripts\Get-NullableReadiness.ps1
	EndProjectSection
EndProject
Project("{2150E333-8FDC-42A3-9474-1A3956D46DE8}") = "migrate-vstest-to-mtp", "migrate-vstest-to-mtp", "{5A02DE1D-BCCD-5A38-910C-28D4B54F41F1}"
	ProjectSection(SolutionItems) = preProject
		.agents\skills\migrate-vstest-to-mtp\SKILL.md = .agents\skills\migrate-vstest-to-mtp\SKILL.md
	EndProjectSection
EndProject
Project("{2150E333-8FDC-42A3-9474-1A3956D46DE8}") = "migrate-xunit-to-xunit-v3", "migrate-xunit-to-xunit-v3", "{DCEAF7B6-56F4-52BB-8602-515F926D7E54}"
	ProjectSection(SolutionItems) = preProject
		.agents\skills\migrate-xunit-to-xunit-v3\SKILL.md = .agents\skills\migrate-xunit-to-xunit-v3\SKILL.md
	EndProjectSection
EndProject
Project("{2150E333-8FDC-42A3-9474-1A3956D46DE8}") = "msbuild-antipatterns", "msbuild-antipatterns", "{F36EFB87-CD3C-5E60-B228-6070C8F69735}"
	ProjectSection(SolutionItems) = preProject
		.agents\skills\msbuild-antipatterns\SKILL.md = .agents\skills\msbuild-antipatterns\SKILL.md
	EndProjectSection
EndProject
Project("{2150E333-8FDC-42A3-9474-1A3956D46DE8}") = "references", "references", "{B8C9C1E8-BC20-53E4-8AD4-C8FA339D76BD}"
	ProjectSection(SolutionItems) = preProject
		.agents\skills\msbuild-antipatterns\references\additional-antipatterns.md = .agents\skills\msbuild-antipatterns\references\additional-antipatterns.md
		.agents\skills\msbuild-antipatterns\references\incremental-build-inputs-outputs.md = .agents\skills\msbuild-antipatterns\references\incremental-build-inputs-outputs.md
		.agents\skills\msbuild-antipatterns\references\private-assets.md = .agents\skills\msbuild-antipatterns\references\private-assets.md
	EndProjectSection
EndProject
Project("{2150E333-8FDC-42A3-9474-1A3956D46DE8}") = "msbuild-modernization", "msbuild-modernization", "{06C18311-CBB4-5545-B314-AB6716D1F05C}"
	ProjectSection(SolutionItems) = preProject
		.agents\skills\msbuild-modernization\SKILL.md = .agents\skills\msbuild-modernization\SKILL.md
	EndProjectSection
EndProject
Project("{2150E333-8FDC-42A3-9474-1A3956D46DE8}") = "resolve-project-references", "resolve-project-references", "{6B3C14FF-9C39-57B1-82B0-B15555AE705D}"
	ProjectSection(SolutionItems) = preProject
		.agents\skills\resolve-project-references\SKILL.md = .agents\skills\resolve-project-references\SKILL.md
	EndProjectSection
EndProject
Project("{2150E333-8FDC-42A3-9474-1A3956D46DE8}") = "run-tests", "run-tests", "{7C4295D2-A964-5F41-975C-43224851D9F0}"
	ProjectSection(SolutionItems) = preProject
		.agents\skills\run-tests\SKILL.md = .agents\skills\run-tests\SKILL.md
	EndProjectSection
EndProject
Project("{2150E333-8FDC-42A3-9474-1A3956D46DE8}") = "system-text-json-net11", "system-text-json-net11", "{CABFC473-199A-5A16-9E06-ECFDE7DD738C}"
	ProjectSection(SolutionItems) = preProject
		.agents\skills\system-text-json-net11\SKILL.md = .agents\skills\system-text-json-net11\SKILL.md
	EndProjectSection
EndProject
Project("{2150E333-8FDC-42A3-9474-1A3956D46DE8}") = "test-anti-patterns", "test-anti-patterns", "{55C3784C-9A1E-5A25-A3C7-D399304D44F6}"
	ProjectSection(SolutionItems) = preProject
		.agents\skills\test-anti-patterns\SKILL.md = .agents\skills\test-anti-patterns\SKILL.md
	EndProjectSection
EndProject
Project("{2150E333-8FDC-42A3-9474-1A3956D46DE8}") = "tests", "tests", "{0AB3BF05-4346-4AA6-1389-037BE0695223}"
EndProject
Project("{FAE04EC0-301F-11D3-BF4B-00C04F79EFBC}") = "versioning-samples.Tests", "tests\versioning-samples.Tests\versioning-samples.Tests.csproj", "{88681D8A-2940-487C-988E-FFE984DB9C37}"
EndProject
Project("{2150E333-8FDC-42A3-9474-1A3956D46DE8}") = "src", "src", "{B1AC7365-C87C-46E3-BB29-93734132C7DA}"
EndProject
Project("{FAE04EC0-301F-11D3-BF4B-00C04F79EFBC}") = "versioning-samples", "src\versioning-samples.csproj", "{A901DA36-8099-44CF-BB52-423FA3AEE4F5}"
EndProject
Global
	GlobalSection(SolutionConfigurationPlatforms) = preSolution
		Debug|Any CPU = Debug|Any CPU
		Debug|x64 = Debug|x64
		Debug|x86 = Debug|x86
		Release|Any CPU = Release|Any CPU
		Release|x64 = Release|x64
		Release|x86 = Release|x86
	EndGlobalSection
	GlobalSection(ProjectConfigurationPlatforms) = postSolution
		{88681D8A-2940-487C-988E-FFE984DB9C37}.Debug|Any CPU.ActiveCfg = Debug|Any CPU
		{88681D8A-2940-487C-988E-FFE984DB9C37}.Debug|Any CPU.Build.0 = Debug|Any CPU
		{88681D8A-2940-487C-988E-FFE984DB9C37}.Debug|x64.ActiveCfg = Debug|Any CPU
		{88681D8A-2940-487C-988E-FFE984DB9C37}.Debug|x64.Build.0 = Debug|Any CPU
		{88681D8A-2940-487C-988E-FFE984DB9C37}.Debug|x86.ActiveCfg = Debug|Any CPU
		{88681D8A-2940-487C-988E-FFE984DB9C37}.Debug|x86.Build.0 = Debug|Any CPU
		{88681D8A-2940-487C-988E-FFE984DB9C37}.Release|Any CPU.ActiveCfg = Release|Any CPU
		{88681D8A-2940-487C-988E-FFE984DB9C37}.Release|Any CPU.Build.0 = Release|Any CPU
		{88681D8A-2940-487C-988E-FFE984DB9C37}.Release|x64.ActiveCfg = Release|Any CPU
		{88681D8A-2940-487C-988E-FFE984DB9C37}.Release|x64.Build.0 = Release|Any CPU
		{88681D8A-2940-487C-988E-FFE984DB9C37}.Release|x86.ActiveCfg = Release|Any CPU
		{88681D8A-2940-487C-988E-FFE984DB9C37}.Release|x86.Build.0 = Release|Any CPU
		{A901DA36-8099-44CF-BB52-423FA3AEE4F5}.Debug|Any CPU.ActiveCfg = Debug|Any CPU
		{A901DA36-8099-44CF-BB52-423FA3AEE4F5}.Debug|Any CPU.Build.0 = Debug|Any CPU
		{A901DA36-8099-44CF-BB52-423FA3AEE4F5}.Debug|x64.ActiveCfg = Debug|Any CPU
		{A901DA36-8099-44CF-BB52-423FA3AEE4F5}.Debug|x64.Build.0 = Debug|Any CPU
		{A901DA36-8099-44CF-BB52-423FA3AEE4F5}.Debug|x86.ActiveCfg = Debug|Any CPU
		{A901DA36-8099-44CF-BB52-423FA3AEE4F5}.Debug|x86.Build.0 = Debug|Any CPU
		{A901DA36-8099-44CF-BB52-423FA3AEE4F5}.Release|Any CPU.ActiveCfg = Release|Any CPU
		{A901DA36-8099-44CF-BB52-423FA3AEE4F5}.Release|Any CPU.Build.0 = Release|Any CPU
		{A901DA36-8099-44CF-BB52-423FA3AEE4F5}.Release|x64.ActiveCfg = Release|Any CPU
		{A901DA36-8099-44CF-BB52-423FA3AEE4F5}.Release|x64.Build.0 = Release|Any CPU
		{A901DA36-8099-44CF-BB52-423FA3AEE4F5}.Release|x86.ActiveCfg = Release|Any CPU
		{A901DA36-8099-44CF-BB52-423FA3AEE4F5}.Release|x86.Build.0 = Release|Any CPU
	EndGlobalSection
	GlobalSection(SolutionProperties) = preSolution
		HideSolutionNode = FALSE
	EndGlobalSection
	GlobalSection(NestedProjects) = preSolution
		{25555D1F-5885-491F-849E-959A22033478} = {5F569990-87CE-4EA3-82A0-82828821CFEB}
		{22BB2D1A-D582-493E-8AB2-7B105817C5DA} = {25555D1F-5885-491F-849E-959A22033478}
		{B0493CF1-4D6E-56FF-9B5B-DBAE784DE638} = {5F569990-87CE-4EA3-82A0-82828821CFEB}
		{4C2BE486-2C31-53E5-82ED-F4A758DB133C} = {B0493CF1-4D6E-56FF-9B5B-DBAE784DE638}
		{FDD1708A-D362-5C68-9A9B-C7EE20382BC1} = {4C2BE486-2C31-53E5-82ED-F4A758DB133C}
		{1ED959D6-B02B-5DA7-BF36-A635AD4076E3} = {FDD1708A-D362-5C68-9A9B-C7EE20382BC1}
		{F9583D6E-3E90-553C-B728-F4923C9E2E05} = {4C2BE486-2C31-53E5-82ED-F4A758DB133C}
		{46B5F78E-B688-5B98-9A78-39AB5C795938} = {4C2BE486-2C31-53E5-82ED-F4A758DB133C}
		{203CD7BA-4291-54ED-9231-11A4B34706AA} = {4C2BE486-2C31-53E5-82ED-F4A758DB133C}
		{FB0584C1-FB0A-5841-8587-A407F81FE1F5} = {4C2BE486-2C31-53E5-82ED-F4A758DB133C}
		{A5AC074A-773E-596B-ADAA-07820407A2F3} = {4C2BE486-2C31-53E5-82ED-F4A758DB133C}
		{8762362B-0A53-5F63-AB07-9838E8FF8997} = {4C2BE486-2C31-53E5-82ED-F4A758DB133C}
		{A0529B33-1C4E-52A6-831E-C7EF64A71998} = {8762362B-0A53-5F63-AB07-9838E8FF8997}
		{FBE015CE-DBD7-54D3-9B22-F8CCC94F9C8B} = {4C2BE486-2C31-53E5-82ED-F4A758DB133C}
		{5752BE2F-6558-567D-898C-4FBE7C4EA41C} = {FBE015CE-DBD7-54D3-9B22-F8CCC94F9C8B}
		{CF92AA22-2B9C-57F4-82E1-7BE9C333A89A} = {4C2BE486-2C31-53E5-82ED-F4A758DB133C}
		{C492A2ED-AC02-5C12-A831-90F2280B42C1} = {CF92AA22-2B9C-57F4-82E1-7BE9C333A89A}
		{67F91204-ADD5-5099-989F-5FA3EA3FD214} = {4C2BE486-2C31-53E5-82ED-F4A758DB133C}
		{9BAAB3D1-9A6A-5C45-B5A7-E76F8E7C0C8B} = {67F91204-ADD5-5099-989F-5FA3EA3FD214}
		{351B5EE1-98F3-5547-8D7F-6CCDC21E5A79} = {4C2BE486-2C31-53E5-82ED-F4A758DB133C}
		{694916C7-F8CF-5418-8875-E115807A4202} = {351B5EE1-98F3-5547-8D7F-6CCDC21E5A79}
		{3237BD0C-DF55-5095-AE2E-28B9CD5D9B00} = {4C2BE486-2C31-53E5-82ED-F4A758DB133C}
		{23031920-F8C5-506C-B660-2F0471AA5F08} = {3237BD0C-DF55-5095-AE2E-28B9CD5D9B00}
		{5F919451-2A0C-545D-AAB3-4A4A2838EC48} = {4C2BE486-2C31-53E5-82ED-F4A758DB133C}
		{8628AA2B-AA15-549F-95AD-A68B9EF388FE} = {5F919451-2A0C-545D-AAB3-4A4A2838EC48}
		{CC52302C-4082-5C79-8194-905E98629CD5} = {4C2BE486-2C31-53E5-82ED-F4A758DB133C}
		{72FE7A89-C73F-5715-B0B3-EE0B64F53E56} = {CC52302C-4082-5C79-8194-905E98629CD5}
		{F1CC829C-9E8A-5238-851C-4DCF52D6EE25} = {4C2BE486-2C31-53E5-82ED-F4A758DB133C}
		{4EEDC406-8EA8-59EF-A3A5-9E9C4A058252} = {4C2BE486-2C31-53E5-82ED-F4A758DB133C}
		{C7B928CC-9CC5-5106-A908-30B02BCAF615} = {4C2BE486-2C31-53E5-82ED-F4A758DB133C}
		{57CFC57E-CCC5-539C-9866-F5AB5F68111C} = {C7B928CC-9CC5-5106-A908-30B02BCAF615}
		{05C160D5-AB50-51E2-A964-DCFB254347A6} = {C7B928CC-9CC5-5106-A908-30B02BCAF615}
		{5A02DE1D-BCCD-5A38-910C-28D4B54F41F1} = {4C2BE486-2C31-53E5-82ED-F4A758DB133C}
		{DCEAF7B6-56F4-52BB-8602-515F926D7E54} = {4C2BE486-2C31-53E5-82ED-F4A758DB133C}
		{F36EFB87-CD3C-5E60-B228-6070C8F69735} = {4C2BE486-2C31-53E5-82ED-F4A758DB133C}
		{B8C9C1E8-BC20-53E4-8AD4-C8FA339D76BD} = {F36EFB87-CD3C-5E60-B228-6070C8F69735}
		{06C18311-CBB4-5545-B314-AB6716D1F05C} = {4C2BE486-2C31-53E5-82ED-F4A758DB133C}
		{6B3C14FF-9C39-57B1-82B0-B15555AE705D} = {4C2BE486-2C31-53E5-82ED-F4A758DB133C}
		{7C4295D2-A964-5F41-975C-43224851D9F0} = {4C2BE486-2C31-53E5-82ED-F4A758DB133C}
		{CABFC473-199A-5A16-9E06-ECFDE7DD738C} = {4C2BE486-2C31-53E5-82ED-F4A758DB133C}
		{55C3784C-9A1E-5A25-A3C7-D399304D44F6} = {4C2BE486-2C31-53E5-82ED-F4A758DB133C}
		{88681D8A-2940-487C-988E-FFE984DB9C37} = {0AB3BF05-4346-4AA6-1389-037BE0695223}
		{A901DA36-8099-44CF-BB52-423FA3AEE4F5} = {B1AC7365-C87C-46E3-BB29-93734132C7DA}
	EndGlobalSection
	GlobalSection(ExtensibilityGlobals) = postSolution
		SolutionGuid = {5937D9F7-9F9E-4319-9F8A-D9D28D1B6D2D}
	EndGlobalSection
EndGlobal
